# This file is automatically @generated by Cargo.
# It is not intended for manual editing.
version = 3

[[package]]
name = "camp_cleanup"
version = "0.1.0"

[[package]]
name = "counting_calories"
version = "0.1.0"

[[package]]
name = "no_space_left"
version = "0.1.0"

[[package]]
name = "rps"
version = "0.1.0"

[[package]]
name = "rucksack_prob"
version = "0.1.0"

[[package]]
name = "supply_stacks"
version = "0.1.0"

[[package]]
name = "tuning_trouble"
version = "0.1.0"
